<?xml version="1.0" encoding="utf-8"?>
<Project ToolsVersion="4.0" xmlns="http://schemas.microsoft.com/developer/msbuild/2003">
  <ItemGroup>
    <ClInclude Include="framework.h" />
    <ClInclude Include="LoadScene.h">
      <Filter>Contents\Load</Filter>
    </ClInclude>
    <ClInclude Include="WPlayScene.h">
      <Filter>Contents\Scene</Filter>
    </ClInclude>
    <ClInclude Include="WCaveScene.h">
      <Filter>Contents\Scene\Cave</Filter>
    </ClInclude>
    <ClInclude Include="WCaveStartScene.h">
      <Filter>Contents\Scene\Cave</Filter>
    </ClInclude>
    <ClInclude Include="WLeafreScene.h">
      <Filter>Contents\Scene\Leafre</Filter>
    </ClInclude>
    <ClInclude Include="WMoveScene.h">
      <Filter>Contents\Scene\Move</Filter>
    </ClInclude>
    <ClInclude Include="WMoveScene_2.h">
      <Filter>Contents\Scene\Move</Filter>
    </ClInclude>
    <ClInclude Include="WTempleBossScene.h">
      <Filter>Contents\Scene\Temple</Filter>
    </ClInclude>
    <ClInclude Include="WTempleScene.h">
      <Filter>Contents\Scene\Temple</Filter>
    </ClInclude>
    <ClInclude Include="WTempleScene_2.h">
      <Filter>Contents\Scene\Temple</Filter>
    </ClInclude>
    <ClInclude Include="WTempleStartScene.h">
      <Filter>Contents\Scene\Temple</Filter>
    </ClInclude>
    <ClInclude Include="WValleyScene.h">
      <Filter>Contents\Scene\Valley</Filter>
    </ClInclude>
    <ClInclude Include="WValleyScene_2.h">
      <Filter>Contents\Scene\Valley</Filter>
    </ClInclude>
    <ClInclude Include="WCameraScript.h">
      <Filter>Contents\Script</Filter>
    </ClInclude>
    <ClInclude Include="WInterfaceUI.h">
      <Filter>Contents\UI\Interface</Filter>
    </ClInclude>
    <ClInclude Include="WChannleBntUI.h">
      <Filter>Contents\UI\Interface\Channle</Filter>
    </ClInclude>
    <ClInclude Include="WSystemUI.h">
      <Filter>Contents\UI\Interface\System</Filter>
    </ClInclude>
    <ClInclude Include="WMenuUI.h">
      <Filter>Contents\UI\Interface\Menu</Filter>
    </ClInclude>
    <ClInclude Include="WShopUI.h">
      <Filter>Contents\UI\Interface\Shop</Filter>
    </ClInclude>
    <ClInclude Include="WStarUI.h">
      <Filter>Contents\UI\Interface\Star</Filter>
    </ClInclude>
    <ClInclude Include="WInvenUI.h">
      <Filter>Contents\UI\Interface\Extra\Inven</Filter>
    </ClInclude>
    <ClInclude Include="WEquipUI.h">
      <Filter>Contents\UI\Interface\Extra\Equip</Filter>
    </ClInclude>
    <ClInclude Include="WCharUI.h">
      <Filter>Contents\UI\Interface\Extra\Char</Filter>
    </ClInclude>
    <ClInclude Include="WStatUI.h">
      <Filter>Contents\UI\Interface\Extra\Stat</Filter>
    </ClInclude>
    <ClInclude Include="WQuestUI.h">
      <Filter>Contents\UI\Interface\Extra\Quest</Filter>
    </ClInclude>
    <ClInclude Include="WSKillUI.h">
      <Filter>Contents\UI\Interface\Extra\Skill</Filter>
    </ClInclude>
    <ClInclude Include="WLevelUI.h">
      <Filter>Contents\UI\Interface\Level</Filter>
    </ClInclude>
    <ClInclude Include="WGaugeUI.h">
      <Filter>Contents\UI\Interface\Gauge</Filter>
    </ClInclude>
    <ClInclude Include="WInventory.h">
      <Filter>Contents\UI\Interface\Extra\Inven</Filter>
    </ClInclude>
    <ClInclude Include="WItemUI.h">
      <Filter>Contents\UI\ItemUI</Filter>
    </ClInclude>
    <ClInclude Include="WAlixirUI.h">
      <Filter>Contents\UI\ItemUI\Potion</Filter>
    </ClInclude>
    <ClInclude Include="WHP.h">
      <Filter>Contents\UI\Interface\Gauge</Filter>
    </ClInclude>
    <ClInclude Include="WMP.h">
      <Filter>Contents\UI\Interface\Gauge</Filter>
    </ClInclude>
    <ClInclude Include="WEXP.h">
      <Filter>Contents\UI\Interface\Gauge</Filter>
    </ClInclude>
    <ClInclude Include="WCoverGaugeUI.h">
      <Filter>Contents\UI\Interface\Gauge</Filter>
    </ClInclude>
    <ClInclude Include="WHorntailItem.h">
      <Filter>Contents\UI\ItemUI\Equip</Filter>
    </ClInclude>
    <ClInclude Include="WGridScript.h">
      <Filter>Contents\Script</Filter>
    </ClInclude>
    <ClInclude Include="WSKillStorage.h">
      <Filter>Contents\UI\Interface\Extra\Skill\SkillStorage</Filter>
    </ClInclude>
    <ClInclude Include="WSKillBox.h">
      <Filter>Contents\UI\Interface\Extra\Skill\SkillStorage</Filter>
    </ClInclude>
    <ClInclude Include="WSkillNumber1.h">
      <Filter>Contents\UI\Interface\Extra\Skill\1\SkillNumber1</Filter>
    </ClInclude>
    <ClInclude Include="WSKill.h">
      <Filter>Contents\UI\Interface\Extra\Skill</Filter>
    </ClInclude>
  </ItemGroup>
  <ItemGroup>
    <ClCompile Include="Engine.cpp" />
    <ClCompile Include="WPlayScene.cpp">
      <Filter>Contents\Scene</Filter>
    </ClCompile>
    <ClCompile Include="WCaveScene.cpp">
      <Filter>Contents\Scene\Cave</Filter>
    </ClCompile>
    <ClCompile Include="WCaveStartScene.cpp">
      <Filter>Contents\Scene\Cave</Filter>
    </ClCompile>
    <ClCompile Include="WLeafreScene.cpp">
      <Filter>Contents\Scene\Leafre</Filter>
    </ClCompile>
    <ClCompile Include="WMoveScene.cpp">
      <Filter>Contents\Scene\Move</Filter>
    </ClCompile>
    <ClCompile Include="WMoveScene_2.cpp">
      <Filter>Contents\Scene\Move</Filter>
    </ClCompile>
    <ClCompile Include="WTempleBossScene.cpp">
      <Filter>Contents\Scene\Temple</Filter>
    </ClCompile>
    <ClCompile Include="WTempleScene.cpp">
      <Filter>Contents\Scene\Temple</Filter>
    </ClCompile>
    <ClCompile Include="WTempleScene_2.cpp">
      <Filter>Contents\Scene\Temple</Filter>
    </ClCompile>
    <ClCompile Include="WTempleStartScene.cpp">
      <Filter>Contents\Scene\Temple</Filter>
    </ClCompile>
    <ClCompile Include="WValleyScene.cpp">
      <Filter>Contents\Scene\Valley</Filter>
    </ClCompile>
    <ClCompile Include="WValleyScene_2.cpp">
      <Filter>Contents\Scene\Valley</Filter>
    </ClCompile>
    <ClCompile Include="WCameraScript.cpp">
      <Filter>Contents\Script</Filter>
    </ClCompile>
    <ClCompile Include="WInterfaceUI.cpp">
      <Filter>Contents\UI\Interface</Filter>
    </ClCompile>
    <ClCompile Include="WChannleBntUI.cpp">
      <Filter>Contents\UI\Interface\Channle</Filter>
    </ClCompile>
    <ClCompile Include="WSystemUI.cpp">
      <Filter>Contents\UI\Interface\System</Filter>
    </ClCompile>
    <ClCompile Include="WMenuUI.cpp">
      <Filter>Contents\UI\Interface\Menu</Filter>
    </ClCompile>
    <ClCompile Include="WShopUI.cpp">
      <Filter>Contents\UI\Interface\Shop</Filter>
    </ClCompile>
    <ClCompile Include="WStarUI.cpp">
      <Filter>Contents\UI\Interface\Star</Filter>
    </ClCompile>
    <ClCompile Include="WInvenUI.cpp">
      <Filter>Contents\UI\Interface\Extra\Inven</Filter>
    </ClCompile>
    <ClCompile Include="WEquipUI.cpp">
      <Filter>Contents\UI\Interface\Extra\Equip</Filter>
    </ClCompile>
    <ClCompile Include="WCharUI.cpp">
      <Filter>Contents\UI\Interface\Extra\Char</Filter>
    </ClCompile>
    <ClCompile Include="WStatUI.cpp">
      <Filter>Contents\UI\Interface\Extra\Stat</Filter>
    </ClCompile>
    <ClCompile Include="WQuestUI.cpp">
      <Filter>Contents\UI\Interface\Extra\Quest</Filter>
    </ClCompile>
    <ClCompile Include="WSKillUI.cpp">
      <Filter>Contents\UI\Interface\Extra\Skill</Filter>
    </ClCompile>
    <ClCompile Include="WLevelUI.cpp">
      <Filter>Contents\UI\Interface\Level</Filter>
    </ClCompile>
    <ClCompile Include="WGaugeUI.cpp">
      <Filter>Contents\UI\Interface\Gauge</Filter>
    </ClCompile>
    <ClCompile Include="WInventory.cpp">
      <Filter>Contents\UI\Interface\Extra\Inven</Filter>
    </ClCompile>
    <ClCompile Include="WItemUI.cpp">
      <Filter>Contents\UI\ItemUI</Filter>
    </ClCompile>
    <ClCompile Include="WAlixirUI.cpp">
      <Filter>Contents\UI\ItemUI\Potion</Filter>
    </ClCompile>
    <ClCompile Include="WHP.cpp">
      <Filter>Contents\UI\Interface\Gauge</Filter>
    </ClCompile>
    <ClCompile Include="WEXP.cpp">
      <Filter>Contents\UI\Interface\Gauge</Filter>
    </ClCompile>
    <ClCompile Include="WMP.cpp">
      <Filter>Contents\UI\Interface\Gauge</Filter>
    </ClCompile>
    <ClCompile Include="WCoverGaugeUI.cpp">
      <Filter>Contents\UI\Interface\Gauge</Filter>
    </ClCompile>
    <ClCompile Include="WHorntailItem.cpp">
      <Filter>Contents\UI\ItemUI\Equip</Filter>
    </ClCompile>
    <ClCompile Include="WGridScript.cpp">
      <Filter>Contents\Script</Filter>
    </ClCompile>
    <ClCompile Include="WSKillStorage.cpp">
      <Filter>Contents\UI\Interface\Extra\Skill\SkillStorage</Filter>
    </ClCompile>
    <ClCompile Include="WSKillBox.cpp">
      <Filter>Contents\UI\Interface\Extra\Skill\SkillStorage</Filter>
    </ClCompile>
    <ClCompile Include="WSkillNumber1.cpp">
      <Filter>Contents\UI\Interface\Extra\Skill\1\SkillNumber1</Filter>
    </ClCompile>
    <ClCompile Include="WSKill.cpp">
      <Filter>Contents\UI\Interface\Extra\Skill</Filter>
    </ClCompile>
  </ItemGroup>
  <ItemGroup>
    <Filter Include="Contents">
      <UniqueIdentifier>{3b307390-cc1e-4083-869d-a32d27fe6618}</UniqueIdentifier>
    </Filter>
    <Filter Include="Contents\Load">
      <UniqueIdentifier>{3935af5c-781a-485f-b861-a577e1da5dad}</UniqueIdentifier>
    </Filter>
    <Filter Include="Contents\Script">
      <UniqueIdentifier>{ccb16c22-7d89-48d1-a1e0-e2dfac14ed65}</UniqueIdentifier>
    </Filter>
    <Filter Include="Contents\Scene">
      <UniqueIdentifier>{5320ced3-98e5-4f3b-a161-790e348625a9}</UniqueIdentifier>
    </Filter>
    <Filter Include="Contents\Scene\Cave">
      <UniqueIdentifier>{735468d0-d587-4778-9167-b4941705c8a9}</UniqueIdentifier>
    </Filter>
    <Filter Include="Contents\Scene\Leafre">
      <UniqueIdentifier>{386690a1-ad02-4a07-baed-214f0e7da814}</UniqueIdentifier>
    </Filter>
    <Filter Include="Contents\Scene\Temple">
      <UniqueIdentifier>{dc1aa036-ec8d-4cbc-9d38-07666422a6d8}</UniqueIdentifier>
    </Filter>
    <Filter Include="Contents\Scene\Valley">
      <UniqueIdentifier>{b6881b7f-30b1-4181-99e1-acfa27b42da2}</UniqueIdentifier>
    </Filter>
    <Filter Include="Contents\Scene\Move">
      <UniqueIdentifier>{a1327966-6d29-4c7b-9c87-e9b64670578b}</UniqueIdentifier>
    </Filter>
    <Filter Include="Contents\UI">
      <UniqueIdentifier>{923d25ad-6dfc-4388-9627-2cdef72811db}</UniqueIdentifier>
    </Filter>
    <Filter Include="Contents\UI\Interface">
      <UniqueIdentifier>{88744d0b-0e0a-4b42-8f50-5638699784ba}</UniqueIdentifier>
    </Filter>
    <Filter Include="Contents\UI\Interface\Channle">
      <UniqueIdentifier>{68d047e0-eaad-40c1-b5e3-cc4a149b4856}</UniqueIdentifier>
    </Filter>
    <Filter Include="Contents\UI\Interface\System">
      <UniqueIdentifier>{5520e8df-d8a6-4d6d-b86c-73b68633cf88}</UniqueIdentifier>
    </Filter>
    <Filter Include="Contents\UI\Interface\Shop">
      <UniqueIdentifier>{ccc61f3b-6936-46f4-b6b9-8bd4846204cb}</UniqueIdentifier>
    </Filter>
    <Filter Include="Contents\UI\Interface\Star">
      <UniqueIdentifier>{51a6b7d5-d4d1-479a-8456-60a5a4da8fa7}</UniqueIdentifier>
    </Filter>
    <Filter Include="Contents\UI\Interface\Menu">
      <UniqueIdentifier>{370d0dec-79f0-48be-9417-a6ab001fa59f}</UniqueIdentifier>
    </Filter>
    <Filter Include="Contents\UI\Interface\Extra">
      <UniqueIdentifier>{fd3670e0-ed09-482c-8db8-cdbd824fe2b2}</UniqueIdentifier>
    </Filter>
    <Filter Include="Contents\UI\Interface\Extra\Skill">
      <UniqueIdentifier>{b14b477c-decd-4ef3-aea8-25d400789cef}</UniqueIdentifier>
    </Filter>
    <Filter Include="Contents\UI\Interface\Extra\Quest">
      <UniqueIdentifier>{4ee4eece-175a-4dfa-9ec6-ead2a35496f9}</UniqueIdentifier>
    </Filter>
    <Filter Include="Contents\UI\Interface\Extra\Inven">
      <UniqueIdentifier>{bdddee6e-ed3d-4969-b89a-26401601a2bc}</UniqueIdentifier>
    </Filter>
    <Filter Include="Contents\UI\Interface\Extra\Stat">
      <UniqueIdentifier>{cb03f8bf-0372-468a-91d9-58aa1978846d}</UniqueIdentifier>
    </Filter>
    <Filter Include="Contents\UI\Interface\Extra\Equip">
      <UniqueIdentifier>{b04d6b4b-1f40-4f72-ae9f-aa564e7d4a21}</UniqueIdentifier>
    </Filter>
    <Filter Include="Contents\UI\Interface\Extra\Char">
      <UniqueIdentifier>{f064c1ff-f82a-4523-b2e8-facce364f55b}</UniqueIdentifier>
    </Filter>
    <Filter Include="Contents\UI\Interface\Level">
      <UniqueIdentifier>{0ab7a315-1a4d-43b6-a756-079506b6707c}</UniqueIdentifier>
    </Filter>
    <Filter Include="Contents\UI\Interface\Gauge">
      <UniqueIdentifier>{00b29464-04a4-4845-98c0-a895b60071d7}</UniqueIdentifier>
    </Filter>
    <Filter Include="Contents\UI\Interface\Gauge\HP">
      <UniqueIdentifier>{810dacef-827c-4a2d-a92f-12b3b17e6bfd}</UniqueIdentifier>
    </Filter>
    <Filter Include="Contents\UI\Interface\Gauge\MP">
      <UniqueIdentifier>{8deb13e5-1132-43fb-9a1f-c7f55a10b77f}</UniqueIdentifier>
    </Filter>
    <Filter Include="Contents\UI\Interface\Gauge\EXP">
      <UniqueIdentifier>{57b11561-8a84-47cf-8bd3-17033a4aa72f}</UniqueIdentifier>
    </Filter>
    <Filter Include="Contents\Item">
      <UniqueIdentifier>{ec43df9d-b9c0-4da4-90bb-b685a6f85b76}</UniqueIdentifier>
    </Filter>
    <Filter Include="Contents\UI\ItemUI">
      <UniqueIdentifier>{64f531d4-5c81-48e0-96c0-49b7c3651a6e}</UniqueIdentifier>
    </Filter>
    <Filter Include="Contents\UI\ItemUI\Potion">
      <UniqueIdentifier>{89b91c99-324a-42c2-a53b-30ab2461e60f}</UniqueIdentifier>
    </Filter>
    <Filter Include="Contents\UI\ItemUI\Equip">
      <UniqueIdentifier>{7e5125b5-cf62-4aef-b78c-a31f37a52593}</UniqueIdentifier>
    </Filter>
    <Filter Include="Contents\UI\Interface\Extra\Skill\1">
      <UniqueIdentifier>{3019af27-fac1-4b21-a1fe-5a3bb2676695}</UniqueIdentifier>
    </Filter>
    <Filter Include="Contents\UI\Interface\Extra\Skill\2">
      <UniqueIdentifier>{a7f4658f-296f-46a6-b40b-2fe06a69dd6c}</UniqueIdentifier>
    </Filter>
    <Filter Include="Contents\UI\Interface\Extra\Skill\3">
      <UniqueIdentifier>{d3056b9d-a33b-46ae-b053-8220d62ec530}</UniqueIdentifier>
    </Filter>
    <Filter Include="Contents\UI\Interface\Extra\Skill\4">
      <UniqueIdentifier>{f49a63dd-ed21-48ab-9827-fc0afe4cdb15}</UniqueIdentifier>
    </Filter>
    <Filter Include="Contents\UI\Interface\Extra\Skill\5">
      <UniqueIdentifier>{32bcabcf-4fcc-4c2d-ab24-599d3b845cb1}</UniqueIdentifier>
    </Filter>
    <Filter Include="Contents\UI\Interface\Extra\Skill\SkillStorage">
      <UniqueIdentifier>{0ffaf433-ba65-40fd-adba-a3dc75d9db1f}</UniqueIdentifier>
    </Filter>
    <Filter Include="Contents\UI\Interface\Extra\Skill\1\SkillNumber1">
      <UniqueIdentifier>{a26a92e4-d1ca-4bc1-9b0a-dce9350a0d8e}</UniqueIdentifier>
    </Filter>
  </ItemGroup>
</Project>